// !$*UTF8*$!
{
	archiveVersion = 1;
	classes = {
	};
	objectVersion = 77;
	objects = {

/* Begin PBXBuildFile section */
		CA5E1D562E0CD6F3000DEAF2 /* CardView.swift in Sources */ = {isa = PBXBuildFile; fileRef = CA5E1D552E0CD6D7000DEAF2 /* CardView.swift */; };
		CA5E1D5D2E0CE737000DEAF2 /* StartView.swift in Sources */ = {isa = PBXBuildFile; fileRef = CA5E1D5C2E0CE731000DEAF2 /* StartView.swift */; };
		CA5E1D7C2E0E18EA000DEAF2 /* Card.swift in Sources */ = {isa = PBXBuildFile; fileRef = CA5E1D7B2E0E18E5000DEAF2 /* Card.swift */; };
		CA5E1D842E0E6A44000DEAF2 /* CardsView.swift in Sources */ = {isa = PBXBuildFile; fileRef = CA5E1D822E0E6A3C000DEAF2 /* CardsView.swift */; };
		CAD9C4452E11E88100F01584 /* ListView.swift in Sources */ = {isa = PBXBuildFile; fileRef = CAD9C4432E11E88100F01584 /* ListView.swift */; };
		CAD9C45A2E12378700F01584 /* Value.swift in Sources */ = {isa = PBXBuildFile; fileRef = CAD9C4592E12378300F01584 /* Value.swift */; };
		CADC36242DE1092D00539E69 /* diarycardApp.swift in Sources */ = {isa = PBXBuildFile; fileRef = CADC361D2DE1092D00539E69 /* diarycardApp.swift */; };
		CADC36292DE1092D00539E69 /* Assets.xcassets in Resources */ = {isa = PBXBuildFile; fileRef = CADC361A2DE1092D00539E69 /* Assets.xcassets */; };
		CADC36392DE1092D00539E69 /* Theme.swift in Sources */ = {isa = PBXBuildFile; fileRef = CADC36372DE1092D00539E69 /* Theme.swift */; };
/* End PBXBuildFile section */

/* Begin PBXContainerItemProxy section */
		CA72915F2D88D2EB004AF2DE /* PBXContainerItemProxy */ = {
			isa = PBXContainerItemProxy;
			containerPortal = CA7291422D88D2E8004AF2DE /* Project object */;
			proxyType = 1;
			remoteGlobalIDString = CA7291492D88D2E8004AF2DE;
			remoteInfo = diarycard;
		};
		CA7291692D88D2EB004AF2DE /* PBXContainerItemProxy */ = {
			isa = PBXContainerItemProxy;
			containerPortal = CA7291422D88D2E8004AF2DE /* Project object */;
			proxyType = 1;
			remoteGlobalIDString = CA7291492D88D2E8004AF2DE;
			remoteInfo = diarycard;
		};
/* End PBXContainerItemProxy section */

/* Begin PBXFileReference section */
		CA5E1D552E0CD6D7000DEAF2 /* CardView.swift */ = {isa = PBXFileReference; lastKnownFileType = sourcecode.swift; path = CardView.swift; sourceTree = "<group>"; };
		CA5E1D5C2E0CE731000DEAF2 /* StartView.swift */ = {isa = PBXFileReference; lastKnownFileType = sourcecode.swift; path = StartView.swift; sourceTree = "<group>"; };
		CA5E1D7B2E0E18E5000DEAF2 /* Card.swift */ = {isa = PBXFileReference; lastKnownFileType = sourcecode.swift; path = Card.swift; sourceTree = "<group>"; };
		CA5E1D822E0E6A3C000DEAF2 /* CardsView.swift */ = {isa = PBXFileReference; lastKnownFileType = sourcecode.swift; path = CardsView.swift; sourceTree = "<group>"; };
		CA72914A2D88D2E8004AF2DE /* diarycard.app */ = {isa = PBXFileReference; explicitFileType = wrapper.application; includeInIndex = 0; path = diarycard.app; sourceTree = BUILT_PRODUCTS_DIR; };
		CA72915E2D88D2EB004AF2DE /* diarycardTests.xctest */ = {isa = PBXFileReference; explicitFileType = wrapper.cfbundle; includeInIndex = 0; path = diarycardTests.xctest; sourceTree = BUILT_PRODUCTS_DIR; };
		CA7291682D88D2EB004AF2DE /* diarycardUITests.xctest */ = {isa = PBXFileReference; explicitFileType = wrapper.cfbundle; includeInIndex = 0; path = diarycardUITests.xctest; sourceTree = BUILT_PRODUCTS_DIR; };
		CAD9C4432E11E88100F01584 /* ListView.swift */ = {isa = PBXFileReference; lastKnownFileType = sourcecode.swift; path = ListView.swift; sourceTree = "<group>"; };
		CAD9C4592E12378300F01584 /* Value.swift */ = {isa = PBXFileReference; lastKnownFileType = sourcecode.swift; path = Value.swift; sourceTree = "<group>"; };
		CADC361A2DE1092D00539E69 /* Assets.xcassets */ = {isa = PBXFileReference; lastKnownFileType = folder.assetcatalog; path = Assets.xcassets; sourceTree = "<group>"; };
		CADC361C2DE1092D00539E69 /* diarycard.entitlements */ = {isa = PBXFileReference; lastKnownFileType = text.plist.entitlements; path = diarycard.entitlements; sourceTree = "<group>"; };
		CADC361D2DE1092D00539E69 /* diarycardApp.swift */ = {isa = PBXFileReference; lastKnownFileType = sourcecode.swift; path = diarycardApp.swift; sourceTree = "<group>"; };
		CADC361E2DE1092D00539E69 /* Info.plist */ = {isa = PBXFileReference; lastKnownFileType = text.plist.xml; path = Info.plist; sourceTree = "<group>"; };
		CADC36372DE1092D00539E69 /* Theme.swift */ = {isa = PBXFileReference; lastKnownFileType = sourcecode.swift; path = Theme.swift; sourceTree = "<group>"; };
		CADC367A2DE1110700539E69 /* readme.md */ = {isa = PBXFileReference; lastKnownFileType = net.daringfireball.markdown; path = readme.md; sourceTree = "<group>"; };
/* End PBXFileReference section */

/* Begin PBXFileSystemSynchronizedRootGroup section */
		CA7291612D88D2EB004AF2DE /* diarycardTests */ = {
			isa = PBXFileSystemSynchronizedRootGroup;
			path = diarycardTests;
			sourceTree = "<group>";
		};
		CA72916B2D88D2EB004AF2DE /* diarycardUITests */ = {
			isa = PBXFileSystemSynchronizedRootGroup;
			path = diarycardUITests;
			sourceTree = "<group>";
		};
		CADC363D2DE1099500539E69 /* Preview Content */ = {
			isa = PBXFileSystemSynchronizedRootGroup;
			path = "Preview Content";
			sourceTree = "<group>";
		};
/* End PBXFileSystemSynchronizedRootGroup section */

/* Begin PBXFrameworksBuildPhase section */
		CA7291472D88D2E8004AF2DE /* Frameworks */ = {
			isa = PBXFrameworksBuildPhase;
			buildActionMask = 2147483647;
			files = (
			);
			runOnlyForDeploymentPostprocessing = 0;
		};
		CA72915B2D88D2EB004AF2DE /* Frameworks */ = {
			isa = PBXFrameworksBuildPhase;
			buildActionMask = 2147483647;
			files = (
			);
			runOnlyForDeploymentPostprocessing = 0;
		};
		CA7291652D88D2EB004AF2DE /* Frameworks */ = {
			isa = PBXFrameworksBuildPhase;
			buildActionMask = 2147483647;
			files = (
			);
			runOnlyForDeploymentPostprocessing = 0;
		};
/* End PBXFrameworksBuildPhase section */

/* Begin PBXGroup section */
		CA7291412D88D2E8004AF2DE = {
			isa = PBXGroup;
			children = (
				CADC367A2DE1110700539E69 /* readme.md */,
				CADC36592DE10D9300539E69 /* DiaryCard */,
				CADC364C2DE10CF100539E69 /* Tests */,
				CA72914B2D88D2E8004AF2DE /* Products */,
			);
			sourceTree = "<group>";
		};
		CA72914B2D88D2E8004AF2DE /* Products */ = {
			isa = PBXGroup;
			children = (
				CA72914A2D88D2E8004AF2DE /* diarycard.app */,
				CA72915E2D88D2EB004AF2DE /* diarycardTests.xctest */,
				CA7291682D88D2EB004AF2DE /* diarycardUITests.xctest */,
			);
			name = Products;
			sourceTree = "<group>";
		};
		CADC364C2DE10CF100539E69 /* Tests */ = {
			isa = PBXGroup;
			children = (
				CA7291612D88D2EB004AF2DE /* diarycardTests */,
				CA72916B2D88D2EB004AF2DE /* diarycardUITests */,
			);
			path = Tests;
			sourceTree = "<group>";
		};
		CADC364D2DE10D1000539E69 /* Model */ = {
			isa = PBXGroup;
			children = (
				CAD9C4592E12378300F01584 /* Value.swift */,
				CA5E1D7B2E0E18E5000DEAF2 /* Card.swift */,
				CADC36372DE1092D00539E69 /* Theme.swift */,
			);
			path = Model;
			sourceTree = "<group>";
		};
		CADC364E2DE10D2A00539E69 /* View */ = {
			isa = PBXGroup;
			children = (
				CAD9C4432E11E88100F01584 /* ListView.swift */,
				CA5E1D552E0CD6D7000DEAF2 /* CardView.swift */,
				CA5E1D822E0E6A3C000DEAF2 /* CardsView.swift */,
				CA5E1D5C2E0CE731000DEAF2 /* StartView.swift */,
			);
			path = View;
			sourceTree = "<group>";
		};
		CADC36592DE10D9300539E69 /* DiaryCard */ = {
			isa = PBXGroup;
			children = (
				CADC364D2DE10D1000539E69 /* Model */,
				CADC364E2DE10D2A00539E69 /* View */,
				CADC363D2DE1099500539E69 /* Preview Content */,
				CADC361A2DE1092D00539E69 /* Assets.xcassets */,
				CADC361C2DE1092D00539E69 /* diarycard.entitlements */,
				CADC361D2DE1092D00539E69 /* diarycardApp.swift */,
				CADC361E2DE1092D00539E69 /* Info.plist */,
			);
			path = DiaryCard;
			sourceTree = "<group>";
		};
/* End PBXGroup section */

/* Begin PBXNativeTarget section */
		CA7291492D88D2E8004AF2DE /* diarycard */ = {
			isa = PBXNativeTarget;
			buildConfigurationList = CA7291712D88D2EB004AF2DE /* Build configuration list for PBXNativeTarget "diarycard" */;
			buildPhases = (
				CA7291462D88D2E8004AF2DE /* Sources */,
				CA7291472D88D2E8004AF2DE /* Frameworks */,
				CA7291482D88D2E8004AF2DE /* Resources */,
			);
			buildRules = (
			);
			dependencies = (
			);
			fileSystemSynchronizedGroups = (
				CADC363D2DE1099500539E69 /* Preview Content */,
			);
			name = diarycard;
			packageProductDependencies = (
			);
			productName = diarycard;
			productReference = CA72914A2D88D2E8004AF2DE /* diarycard.app */;
			productType = "com.apple.product-type.application";
		};
		CA72915D2D88D2EB004AF2DE /* diarycardTests */ = {
			isa = PBXNativeTarget;
			buildConfigurationList = CA7291762D88D2EB004AF2DE /* Build configuration list for PBXNativeTarget "diarycardTests" */;
			buildPhases = (
				CA72915A2D88D2EB004AF2DE /* Sources */,
				CA72915B2D88D2EB004AF2DE /* Frameworks */,
				CA72915C2D88D2EB004AF2DE /* Resources */,
			);
			buildRules = (
			);
			dependencies = (
				CA7291602D88D2EB004AF2DE /* PBXTargetDependency */,
			);
			fileSystemSynchronizedGroups = (
				CA7291612D88D2EB004AF2DE /* diarycardTests */,
			);
			name = diarycardTests;
			packageProductDependencies = (
			);
			productName = diarycardTests;
			productReference = CA72915E2D88D2EB004AF2DE /* diarycardTests.xctest */;
			productType = "com.apple.product-type.bundle.unit-test";
		};
		CA7291672D88D2EB004AF2DE /* diarycardUITests */ = {
			isa = PBXNativeTarget;
			buildConfigurationList = CA7291792D88D2EB004AF2DE /* Build configuration list for PBXNativeTarget "diarycardUITests" */;
			buildPhases = (
				CA7291642D88D2EB004AF2DE /* Sources */,
				CA7291652D88D2EB004AF2DE /* Frameworks */,
				CA7291662D88D2EB004AF2DE /* Resources */,
			);
			buildRules = (
			);
			dependencies = (
				CA72916A2D88D2EB004AF2DE /* PBXTargetDependency */,
			);
			fileSystemSynchronizedGroups = (
				CA72916B2D88D2EB004AF2DE /* diarycardUITests */,
			);
			name = diarycardUITests;
			packageProductDependencies = (
			);
			productName = diarycardUITests;
			productReference = CA7291682D88D2EB004AF2DE /* diarycardUITests.xctest */;
			productType = "com.apple.product-type.bundle.ui-testing";
		};
/* End PBXNativeTarget section */

/* Begin PBXProject section */
		CA7291422D88D2E8004AF2DE /* Project object */ = {
			isa = PBXProject;
			attributes = {
				BuildIndependentTargetsInParallel = 1;
				LastSwiftUpdateCheck = 1620;
				LastUpgradeCheck = 1630;
				TargetAttributes = {
					CA7291492D88D2E8004AF2DE = {
						CreatedOnToolsVersion = 16.2;
					};
					CA72915D2D88D2EB004AF2DE = {
						CreatedOnToolsVersion = 16.2;
						TestTargetID = CA7291492D88D2E8004AF2DE;
					};
					CA7291672D88D2EB004AF2DE = {
						CreatedOnToolsVersion = 16.2;
						TestTargetID = CA7291492D88D2E8004AF2DE;
					};
				};
			};
			buildConfigurationList = CA7291452D88D2E8004AF2DE /* Build configuration list for PBXProject "diarycard" */;
			developmentRegion = en;
			hasScannedForEncodings = 0;
			knownRegions = (
				en,
				Base,
			);
			mainGroup = CA7291412D88D2E8004AF2DE;
			minimizedProjectReferenceProxies = 1;
			preferredProjectObjectVersion = 77;
			productRefGroup = CA72914B2D88D2E8004AF2DE /* Products */;
			projectDirPath = "";
			projectRoot = "";
			targets = (
				CA7291492D88D2E8004AF2DE /* diarycard */,
				CA72915D2D88D2EB004AF2DE /* diarycardTests */,
				CA7291672D88D2EB004AF2DE /* diarycardUITests */,
			);
		};
/* End PBXProject section */

/* Begin PBXResourcesBuildPhase section */
		CA7291482D88D2E8004AF2DE /* Resources */ = {
			isa = PBXResourcesBuildPhase;
			buildActionMask = 2147483647;
			files = (
				CADC36292DE1092D00539E69 /* Assets.xcassets in Resources */,
			);
			runOnlyForDeploymentPostprocessing = 0;
		};
		CA72915C2D88D2EB004AF2DE /* Resources */ = {
			isa = PBXResourcesBuildPhase;
			buildActionMask = 2147483647;
			files = (
			);
			runOnlyForDeploymentPostprocessing = 0;
		};
		CA7291662D88D2EB004AF2DE /* Resources */ = {
			isa = PBXResourcesBuildPhase;
			buildActionMask = 2147483647;
			files = (
			);
			runOnlyForDeploymentPostprocessing = 0;
		};
/* End PBXResourcesBuildPhase section */

/* Begin PBXSourcesBuildPhase section */
		CA7291462D88D2E8004AF2DE /* Sources */ = {
			isa = PBXSourcesBuildPhase;
			buildActionMask = 2147483647;
			files = (
				CAD9C45A2E12378700F01584 /* Value.swift in Sources */,
				CADC36242DE1092D00539E69 /* diarycardApp.swift in Sources */,
				CA5E1D842E0E6A44000DEAF2 /* CardsView.swift in Sources */,
				CA5E1D562E0CD6F3000DEAF2 /* CardView.swift in Sources */,
				CA5E1D7C2E0E18EA000DEAF2 /* Card.swift in Sources */,
				CADC36392DE1092D00539E69 /* Theme.swift in Sources */,
				CAD9C4452E11E88100F01584 /* ListView.swift in Sources */,
				CA5E1D5D2E0CE737000DEAF2 /* StartView.swift in Sources */,
			);
			runOnlyForDeploymentPostprocessing = 0;
		};
		CA72915A2D88D2EB004AF2DE /* Sources */ = {
			isa = PBXSourcesBuildPhase;
			buildActionMask = 2147483647;
			files = (
			);
			runOnlyForDeploymentPostprocessing = 0;
		};
		CA7291642D88D2EB004AF2DE /* Sources */ = {
			isa = PBXSourcesBuildPhase;
			buildActionMask = 2147483647;
			files = (
			);
			runOnlyForDeploymentPostprocessing = 0;
		};
/* End PBXSourcesBuildPhase section */

/* Begin PBXTargetDependency section */
		CA7291602D88D2EB004AF2DE /* PBXTargetDependency */ = {
			isa = PBXTargetDependency;
			target = CA7291492D88D2E8004AF2DE /* diarycard */;
			targetProxy = CA72915F2D88D2EB004AF2DE /* PBXContainerItemProxy */;
		};
		CA72916A2D88D2EB004AF2DE /* PBXTargetDependency */ = {
			isa = PBXTargetDependency;
			target = CA7291492D88D2E8004AF2DE /* diarycard */;
			targetProxy = CA7291692D88D2EB004AF2DE /* PBXContainerItemProxy */;
		};
/* End PBXTargetDependency section */

/* Begin XCBuildConfiguration section */
		CA7291722D88D2EB004AF2DE /* Debug */ = {
			isa = XCBuildConfiguration;
			buildSettings = {
				ASSETCATALOG_COMPILER_APPICON_NAME = AppIcon;
				ASSETCATALOG_COMPILER_GLOBAL_ACCENT_COLOR_NAME = AccentColor;
				CODE_SIGN_ENTITLEMENTS = DiaryCard/diarycard.entitlements;
				CODE_SIGN_IDENTITY = "";
				CODE_SIGN_STYLE = Manual;
				CURRENT_PROJECT_VERSION = 1;
				DEAD_CODE_STRIPPING = YES;
				DEVELOPMENT_ASSET_PATHS = "\"DiaryCard/Preview Content\"";
				DEVELOPMENT_TEAM = "";
				ENABLE_PREVIEWS = YES;
				GENERATE_INFOPLIST_FILE = YES;
				INFOPLIST_FILE = DiaryCard/Info.plist;
				INFOPLIST_KEY_CFBundleDisplayName = "Diary Card";
				INFOPLIST_KEY_LSApplicationCategoryType = "public.app-category.healthcare-fitness";
				"INFOPLIST_KEY_UIApplicationSceneManifest_Generation[sdk=iphoneos*]" = YES;
				"INFOPLIST_KEY_UIApplicationSceneManifest_Generation[sdk=iphonesimulator*]" = YES;
				"INFOPLIST_KEY_UIApplicationSupportsIndirectInputEvents[sdk=iphoneos*]" = YES;
				"INFOPLIST_KEY_UIApplicationSupportsIndirectInputEvents[sdk=iphonesimulator*]" = YES;
				"INFOPLIST_KEY_UILaunchScreen_Generation[sdk=iphoneos*]" = YES;
				"INFOPLIST_KEY_UILaunchScreen_Generation[sdk=iphonesimulator*]" = YES;
				INFOPLIST_KEY_UILaunchStoryboardName = StartView.swift;
				"INFOPLIST_KEY_UIStatusBarStyle[sdk=iphoneos*]" = UIStatusBarStyleDefault;
				"INFOPLIST_KEY_UIStatusBarStyle[sdk=iphonesimulator*]" = UIStatusBarStyleDefault;
				INFOPLIST_KEY_UISupportedInterfaceOrientations_iPad = "UIInterfaceOrientationPortrait UIInterfaceOrientationPortraitUpsideDown UIInterfaceOrientationLandscapeLeft UIInterfaceOrientationLandscapeRight";
				INFOPLIST_KEY_UISupportedInterfaceOrientations_iPhone = "UIInterfaceOrientationPortrait UIInterfaceOrientationLandscapeLeft UIInterfaceOrientationLandscapeRight";
				IPHONEOS_DEPLOYMENT_TARGET = 26.0;
				LD_RUNPATH_SEARCH_PATHS = "@executable_path/Frameworks";
				"LD_RUNPATH_SEARCH_PATHS[sdk=macosx*]" = "@executable_path/../Frameworks";
				MACOSX_DEPLOYMENT_TARGET = 15.5;
				MARKETING_VERSION = 1.0;
				PRODUCT_BUNDLE_IDENTIFIER = test.diarycard;
				PRODUCT_NAME = "$(TARGET_NAME)";
				PROVISIONING_PROFILE_SPECIFIER = "";
				SDKROOT = auto;
				SUPPORTED_PLATFORMS = "iphoneos iphonesimulator";
				SUPPORTS_MACCATALYST = NO;
				SWIFT_EMIT_LOC_STRINGS = YES;
				SWIFT_VERSION = 6.0;
				TARGETED_DEVICE_FAMILY = "1,2";
				TVOS_DEPLOYMENT_TARGET = "";
				WATCHOS_DEPLOYMENT_TARGET = "";
				XROS_DEPLOYMENT_TARGET = "";
			};
			name = Debug;
		};
		CA7291732D88D2EB004AF2DE /* Release */ = {
			isa = XCBuildConfiguration;
			buildSettings = {
				ASSETCATALOG_COMPILER_APPICON_NAME = AppIcon;
				ASSETCATALOG_COMPILER_GLOBAL_ACCENT_COLOR_NAME = AccentColor;
				CODE_SIGN_ENTITLEMENTS = DiaryCard/diarycard.entitlements;
				CODE_SIGN_IDENTITY = "";
				CODE_SIGN_STYLE = Manual;
				CURRENT_PROJECT_VERSION = 1;
				DEAD_CODE_STRIPPING = YES;
				DEVELOPMENT_ASSET_PATHS = "\"DiaryCard/Preview Content\"";
				DEVELOPMENT_TEAM = "";
				ENABLE_PREVIEWS = YES;
				GENERATE_INFOPLIST_FILE = YES;
				INFOPLIST_FILE = DiaryCard/Info.plist;
				INFOPLIST_KEY_CFBundleDisplayName = "Diary Card";
				INFOPLIST_KEY_LSApplicationCategoryType = "public.app-category.healthcare-fitness";
				"INFOPLIST_KEY_UIApplicationSceneManifest_Generation[sdk=iphoneos*]" = YES;
				"INFOPLIST_KEY_UIApplicationSceneManifest_Generation[sdk=iphonesimulator*]" = YES;
				"INFOPLIST_KEY_UIApplicationSupportsIndirectInputEvents[sdk=iphoneos*]" = YES;
				"INFOPLIST_KEY_UIApplicationSupportsIndirectInputEvents[sdk=iphonesimulator*]" = YES;
				"INFOPLIST_KEY_UILaunchScreen_Generation[sdk=iphoneos*]" = YES;
				"INFOPLIST_KEY_UILaunchScreen_Generation[sdk=iphonesimulator*]" = YES;
				INFOPLIST_KEY_UILaunchStoryboardName = StartView.swift;
				"INFOPLIST_KEY_UIStatusBarStyle[sdk=iphoneos*]" = UIStatusBarStyleDefault;
				"INFOPLIST_KEY_UIStatusBarStyle[sdk=iphonesimulator*]" = UIStatusBarStyleDefault;
				INFOPLIST_KEY_UISupportedInterfaceOrientations_iPad = "UIInterfaceOrientationPortrait UIInterfaceOrientationPortraitUpsideDown UIInterfaceOrientationLandscapeLeft UIInterfaceOrientationLandscapeRight";
				INFOPLIST_KEY_UISupportedInterfaceOrientations_iPhone = "UIInterfaceOrientationPortrait UIInterfaceOrientationLandscapeLeft UIInterfaceOrientationLandscapeRight";
				IPHONEOS_DEPLOYMENT_TARGET = 26.0;
				LD_RUNPATH_SEARCH_PATHS = "@executable_path/Frameworks";
				"LD_RUNPATH_SEARCH_PATHS[sdk=macosx*]" = "@executable_path/../Frameworks";
				MACOSX_DEPLOYMENT_TARGET = 15.5;
				MARKETING_VERSION = 1.0;
				PRODUCT_BUNDLE_IDENTIFIER = test.diarycard;
				PRODUCT_NAME = "$(TARGET_NAME)";
				PROVISIONING_PROFILE_SPECIFIER = "";
				SDKROOT = auto;
				SUPPORTED_PLATFORMS = "iphoneos iphonesimulator";
				SUPPORTS_MACCATALYST = NO;
				SWIFT_EMIT_LOC_STRINGS = YES;
				SWIFT_VERSION = 6.0;
				TARGETED_DEVICE_FAMILY = "1,2";
				TVOS_DEPLOYMENT_TARGET = "";
				WATCHOS_DEPLOYMENT_TARGET = "";
				XROS_DEPLOYMENT_TARGET = "";
			};
			name = Release;
		};
		CA7291742D88D2EB004AF2DE /* Debug */ = {
			isa = XCBuildConfiguration;
			buildSettings = {
				ALWAYS_SEARCH_USER_PATHS = NO;
				ASSETCATALOG_COMPILER_GENERATE_SWIFT_ASSET_SYMBOL_EXTENSIONS = YES;
				CLANG_ANALYZER_NONNULL = YES;
				CLANG_ANALYZER_NUMBER_OBJECT_CONVERSION = YES_AGGRESSIVE;
				CLANG_CXX_LANGUAGE_STANDARD = "gnu++20";
				CLANG_ENABLE_MODULES = YES;
				CLANG_ENABLE_OBJC_ARC = YES;
				CLANG_ENABLE_OBJC_WEAK = YES;
				CLANG_WARN_BLOCK_CAPTURE_AUTORELEASING = YES;
				CLANG_WARN_BOOL_CONVERSION = YES;
				CLANG_WARN_COMMA = YES;
				CLANG_WARN_CONSTANT_CONVERSION = YES;
				CLANG_WARN_DEPRECATED_OBJC_IMPLEMENTATIONS = YES;
				CLANG_WARN_DIRECT_OBJC_ISA_USAGE = YES_ERROR;
				CLANG_WARN_DOCUMENTATION_COMMENTS = YES;
				CLANG_WARN_EMPTY_BODY = YES;
				CLANG_WARN_ENUM_CONVERSION = YES;
				CLANG_WARN_INFINITE_RECURSION = YES;
				CLANG_WARN_INT_CONVERSION = YES;
				CLANG_WARN_NON_LITERAL_NULL_CONVERSION = YES;
				CLANG_WARN_OBJC_IMPLICIT_RETAIN_SELF = YES;
				CLANG_WARN_OBJC_LITERAL_CONVERSION = YES;
				CLANG_WARN_OBJC_ROOT_CLASS = YES_ERROR;
				CLANG_WARN_QUOTED_INCLUDE_IN_FRAMEWORK_HEADER = YES;
				CLANG_WARN_RANGE_LOOP_ANALYSIS = YES;
				CLANG_WARN_STRICT_PROTOTYPES = YES;
				CLANG_WARN_SUSPICIOUS_MOVE = YES;
				CLANG_WARN_UNGUARDED_AVAILABILITY = YES_AGGRESSIVE;
				CLANG_WARN_UNREACHABLE_CODE = YES;
				CLANG_WARN__DUPLICATE_METHOD_MATCH = YES;
				CODE_SIGN_IDENTITY = "";
				COPY_PHASE_STRIP = NO;
				DEAD_CODE_STRIPPING = YES;
				DEBUG_INFORMATION_FORMAT = dwarf;
				ENABLE_STRICT_OBJC_MSGSEND = YES;
				ENABLE_TESTABILITY = YES;
				ENABLE_USER_SCRIPT_SANDBOXING = YES;
				GCC_C_LANGUAGE_STANDARD = gnu17;
				GCC_DYNAMIC_NO_PIC = NO;
				GCC_NO_COMMON_BLOCKS = YES;
				GCC_OPTIMIZATION_LEVEL = 0;
				GCC_PREPROCESSOR_DEFINITIONS = (
					"DEBUG=1",
					"$(inherited)",
				);
				GCC_WARN_64_TO_32_BIT_CONVERSION = YES;
				GCC_WARN_ABOUT_RETURN_TYPE = YES_ERROR;
				GCC_WARN_UNDECLARED_SELECTOR = YES;
				GCC_WARN_UNINITIALIZED_AUTOS = YES_AGGRESSIVE;
				GCC_WARN_UNUSED_FUNCTION = YES;
				GCC_WARN_UNUSED_VARIABLE = YES;
				"INFOPLIST_KEY_UIApplicationSceneManifest_Generation[sdk=iphonesimulator*]" = YES;
				LOCALIZATION_PREFERS_STRING_CATALOGS = YES;
				MTL_ENABLE_DEBUG_INFO = INCLUDE_SOURCE;
				MTL_FAST_MATH = YES;
				ONLY_ACTIVE_ARCH = YES;
				SDKROOT = iphoneos;
				SWIFT_ACTIVE_COMPILATION_CONDITIONS = "DEBUG $(inherited)";
				SWIFT_OPTIMIZATION_LEVEL = "-Onone";
				SWIFT_VERSION = 6.0;
				TARGETED_DEVICE_FAMILY = "";
			};
			name = Debug;
		};
		CA7291752D88D2EB004AF2DE /* Release */ = {
			isa = XCBuildConfiguration;
			buildSettings = {
				ALWAYS_SEARCH_USER_PATHS = NO;
				ASSETCATALOG_COMPILER_GENERATE_SWIFT_ASSET_SYMBOL_EXTENSIONS = YES;
				CLANG_ANALYZER_NONNULL = YES;
				CLANG_ANALYZER_NUMBER_OBJECT_CONVERSION = YES_AGGRESSIVE;
				CLANG_CXX_LANGUAGE_STANDARD = "gnu++20";
				CLANG_ENABLE_MODULES = YES;
				CLANG_ENABLE_OBJC_ARC = YES;
				CLANG_ENABLE_OBJC_WEAK = YES;
				CLANG_WARN_BLOCK_CAPTURE_AUTORELEASING = YES;
				CLANG_WARN_BOOL_CONVERSION = YES;
				CLANG_WARN_COMMA = YES;
				CLANG_WARN_CONSTANT_CONVERSION = YES;
				CLANG_WARN_DEPRECATED_OBJC_IMPLEMENTATIONS = YES;
				CLANG_WARN_DIRECT_OBJC_ISA_USAGE = YES_ERROR;
				CLANG_WARN_DOCUMENTATION_COMMENTS = YES;
				CLANG_WARN_EMPTY_BODY = YES;
				CLANG_WARN_ENUM_CONVERSION = YES;
				CLANG_WARN_INFINITE_RECURSION = YES;
				CLANG_WARN_INT_CONVERSION = YES;
				CLANG_WARN_NON_LITERAL_NULL_CONVERSION = YES;
				CLANG_WARN_OBJC_IMPLICIT_RETAIN_SELF = YES;
				CLANG_WARN_OBJC_LITERAL_CONVERSION = YES;
				CLANG_WARN_OBJC_ROOT_CLASS = YES_ERROR;
				CLANG_WARN_QUOTED_INCLUDE_IN_FRAMEWORK_HEADER = YES;
				CLANG_WARN_RANGE_LOOP_ANALYSIS = YES;
				CLANG_WARN_STRICT_PROTOTYPES = YES;
				CLANG_WARN_SUSPICIOUS_MOVE = YES;
				CLANG_WARN_UNGUARDED_AVAILABILITY = YES_AGGRESSIVE;
				CLANG_WARN_UNREACHABLE_CODE = YES;
				CLANG_WARN__DUPLICATE_METHOD_MATCH = YES;
				CODE_SIGN_IDENTITY = "";
				COPY_PHASE_STRIP = NO;
				DEAD_CODE_STRIPPING = YES;
				DEBUG_INFORMATION_FORMAT = "dwarf-with-dsym";
				ENABLE_NS_ASSERTIONS = NO;
				ENABLE_STRICT_OBJC_MSGSEND = YES;
				ENABLE_USER_SCRIPT_SANDBOXING = YES;
				GCC_C_LANGUAGE_STANDARD = gnu17;
				GCC_NO_COMMON_BLOCKS = YES;
				GCC_WARN_64_TO_32_BIT_CONVERSION = YES;
				GCC_WARN_ABOUT_RETURN_TYPE = YES_ERROR;
				GCC_WARN_UNDECLARED_SELECTOR = YES;
				GCC_WARN_UNINITIALIZED_AUTOS = YES_AGGRESSIVE;
				GCC_WARN_UNUSED_FUNCTION = YES;
				GCC_WARN_UNUSED_VARIABLE = YES;
				LOCALIZATION_PREFERS_STRING_CATALOGS = YES;
				MTL_ENABLE_DEBUG_INFO = NO;
				MTL_FAST_MATH = YES;
				SDKROOT = iphoneos;
				SWIFT_COMPILATION_MODE = wholemodule;
				SWIFT_VERSION = 6.0;
				TARGETED_DEVICE_FAMILY = "";
			};
			name = Release;
		};
		CA7291772D88D2EB004AF2DE /* Debug */ = {
			isa = XCBuildConfiguration;
			buildSettings = {
				BUNDLE_LOADER = "$(TEST_HOST)";
				CODE_SIGN_STYLE = Automatic;
				CURRENT_PROJECT_VERSION = 1;
				DEAD_CODE_STRIPPING = YES;
				GENERATE_INFOPLIST_FILE = YES;
				IPHONEOS_DEPLOYMENT_TARGET = 18.2;
				MACOSX_DEPLOYMENT_TARGET = 15.2;
				MARKETING_VERSION = 1.0;
				PRODUCT_BUNDLE_IDENTIFIER = test.diarycardTests;
				PRODUCT_NAME = "$(TARGET_NAME)";
				SDKROOT = auto;
				SUPPORTED_PLATFORMS = "iphoneos iphonesimulator macosx xros xrsimulator";
				SWIFT_EMIT_LOC_STRINGS = NO;
				SWIFT_VERSION = 5.0;
				TARGETED_DEVICE_FAMILY = "1,2,7";
				TEST_HOST = "$(BUILT_PRODUCTS_DIR)/diarycard.app/$(BUNDLE_EXECUTABLE_FOLDER_PATH)/diarycard";
				XROS_DEPLOYMENT_TARGET = 2.2;
			};
			name = Debug;
		};
		CA7291782D88D2EB004AF2DE /* Release */ = {
			isa = XCBuildConfiguration;
			buildSettings = {
				BUNDLE_LOADER = "$(TEST_HOST)";
				CODE_SIGN_STYLE = Automatic;
				CURRENT_PROJECT_VERSION = 1;
				DEAD_CODE_STRIPPING = YES;
				GENERATE_INFOPLIST_FILE = YES;
				IPHONEOS_DEPLOYMENT_TARGET = 18.2;
				MACOSX_DEPLOYMENT_TARGET = 15.2;
				MARKETING_VERSION = 1.0;
				PRODUCT_BUNDLE_IDENTIFIER = test.diarycardTests;
				PRODUCT_NAME = "$(TARGET_NAME)";
				SDKROOT = auto;
				SUPPORTED_PLATFORMS = "iphoneos iphonesimulator macosx xros xrsimulator";
				SWIFT_EMIT_LOC_STRINGS = NO;
				SWIFT_VERSION = 5.0;
				TARGETED_DEVICE_FAMILY = "1,2,7";
				TEST_HOST = "$(BUILT_PRODUCTS_DIR)/diarycard.app/$(BUNDLE_EXECUTABLE_FOLDER_PATH)/diarycard";
				XROS_DEPLOYMENT_TARGET = 2.2;
			};
			name = Release;
		};
		CA72917A2D88D2EB004AF2DE /* Debug */ = {
			isa = XCBuildConfiguration;
			buildSettings = {
				CODE_SIGN_STYLE = Automatic;
				CURRENT_PROJECT_VERSION = 1;
				DEAD_CODE_STRIPPING = YES;
				GENERATE_INFOPLIST_FILE = YES;
				IPHONEOS_DEPLOYMENT_TARGET = 18.2;
				MACOSX_DEPLOYMENT_TARGET = 15.2;
				MARKETING_VERSION = 1.0;
				PRODUCT_BUNDLE_IDENTIFIER = test.diarycardUITests;
				PRODUCT_NAME = "$(TARGET_NAME)";
				SDKROOT = auto;
				SUPPORTED_PLATFORMS = "iphoneos iphonesimulator macosx xros xrsimulator";
				SWIFT_EMIT_LOC_STRINGS = NO;
				SWIFT_VERSION = 5.0;
				TARGETED_DEVICE_FAMILY = "1,2,7";
				TEST_TARGET_NAME = diarycard;
				XROS_DEPLOYMENT_TARGET = 2.2;
			};
			name = Debug;
		};
		CA72917B2D88D2EB004AF2DE /* Release */ = {
			isa = XCBuildConfiguration;
			buildSettings = {
				CODE_SIGN_STYLE = Automatic;
				CURRENT_PROJECT_VERSION = 1;
				DEAD_CODE_STRIPPING = YES;
				GENERATE_INFOPLIST_FILE = YES;
				IPHONEOS_DEPLOYMENT_TARGET = 18.2;
				MACOSX_DEPLOYMENT_TARGET = 15.2;
				MARKETING_VERSION = 1.0;
				PRODUCT_BUNDLE_IDENTIFIER = test.diarycardUITests;
				PRODUCT_NAME = "$(TARGET_NAME)";
				SDKROOT = auto;
				SUPPORTED_PLATFORMS = "iphoneos iphonesimulator macosx xros xrsimulator";
				SWIFT_EMIT_LOC_STRINGS = NO;
				SWIFT_VERSION = 5.0;
				TARGETED_DEVICE_FAMILY = "1,2,7";
				TEST_TARGET_NAME = diarycard;
				XROS_DEPLOYMENT_TARGET = 2.2;
			};
			name = Release;
		};
/* End XCBuildConfiguration section */

/* Begin XCConfigurationList section */
		CA7291452D88D2E8004AF2DE /* Build configuration list for PBXProject "diarycard" */ = {
			isa = XCConfigurationList;
			buildConfigurations = (
				CA7291742D88D2EB004AF2DE /* Debug */,
				CA7291752D88D2EB004AF2DE /* Release */,
			);
			defaultConfigurationIsVisible = 0;
			defaultConfigurationName = Release;
		};
		CA7291712D88D2EB004AF2DE /* Build configuration list for PBXNativeTarget "diarycard" */ = {
			isa = XCConfigurationList;
			buildConfigurations = (
				CA7291722D88D2EB004AF2DE /* Debug */,
				CA7291732D88D2EB004AF2DE /* Release */,
			);
			defaultConfigurationIsVisible = 0;
			defaultConfigurationName = Release;
		};
		CA7291762D88D2EB004AF2DE /* Build configuration list for PBXNativeTarget "diarycardTests" */ = {
			isa = XCConfigurationList;
			buildConfigurations = (
				CA7291772D88D2EB004AF2DE /* Debug */,
				CA7291782D88D2EB004AF2DE /* Release */,
			);
			defaultConfigurationIsVisible = 0;
			defaultConfigurationName = Release;
		};
		CA7291792D88D2EB004AF2DE /* Build configuration list for PBXNativeTarget "diarycardUITests" */ = {
			isa = XCConfigurationList;
			buildConfigurations = (
				CA72917A2D88D2EB004AF2DE /* Debug */,
				CA72917B2D88D2EB004AF2DE /* Release */,
			);
			defaultConfigurationIsVisible = 0;
			defaultConfigurationName = Release;
		};
/* End XCConfigurationList section */
	};
	rootObject = CA7291422D88D2E8004AF2DE /* Project object */;
}
